// !$*UTF8*$!
{
	archiveVersion = 1;
	classes = {
	};
	objectVersion = 51;
	objects = {

/* Begin PBXBuildFile section */
		021501AC6167BB9EF25FAD5E /* Pods_FlixsterTests.framework in Frameworks */ = {isa = PBXBuildFile; fileRef = 9CC33938126A43E887CFEBEC /* Pods_FlixsterTests.framework */; };
		1A15EA62F89A03986B00F62D /* Pods_Flixster.framework in Frameworks */ = {isa = PBXBuildFile; fileRef = 340A356FB11523D6DF4646A9 /* Pods_Flixster.framework */; };
		6228F44025D27AFA0084618F /* MovieCell.swift in Sources */ = {isa = PBXBuildFile; fileRef = 6228F43F25D27AFA0084618F /* MovieCell.swift */; };
		62903E4725D0D15700B79058 /* AppDelegate.swift in Sources */ = {isa = PBXBuildFile; fileRef = 62903E4625D0D15700B79058 /* AppDelegate.swift */; };
		62903E4925D0D15700B79058 /* SceneDelegate.swift in Sources */ = {isa = PBXBuildFile; fileRef = 62903E4825D0D15700B79058 /* SceneDelegate.swift */; };
		62903E4E25D0D15700B79058 /* Main.storyboard in Resources */ = {isa = PBXBuildFile; fileRef = 62903E4C25D0D15700B79058 /* Main.storyboard */; };
		62903E5025D0D15E00B79058 /* Assets.xcassets in Resources */ = {isa = PBXBuildFile; fileRef = 62903E4F25D0D15E00B79058 /* Assets.xcassets */; };
		62903E5325D0D15E00B79058 /* LaunchScreen.storyboard in Resources */ = {isa = PBXBuildFile; fileRef = 62903E5125D0D15E00B79058 /* LaunchScreen.storyboard */; };
		62903E5E25D0D15F00B79058 /* FlixsterTests.swift in Sources */ = {isa = PBXBuildFile; fileRef = 62903E5D25D0D15F00B79058 /* FlixsterTests.swift */; };
		62903E6925D0D15F00B79058 /* FlixsterUITests.swift in Sources */ = {isa = PBXBuildFile; fileRef = 62903E6825D0D15F00B79058 /* FlixsterUITests.swift */; };
		62903E8025D0E5FF00B79058 /* MoviesViewController.swift in Sources */ = {isa = PBXBuildFile; fileRef = 62903E7F25D0E5FE00B79058 /* MoviesViewController.swift */; };
		62D2973925DCB514005CF3AE /* MovieDetailsViewController.swift in Sources */ = {isa = PBXBuildFile; fileRef = 62D2973825DCB513005CF3AE /* MovieDetailsViewController.swift */; };
		62DC896E25DF8C7C0043B34E /* MovieGridCell.swift in Sources */ = {isa = PBXBuildFile; fileRef = 62DC896D25DF8C7C0043B34E /* MovieGridCell.swift */; };
		62EB0B9D25DF503100F545FC /* MovieGridViewController.swift in Sources */ = {isa = PBXBuildFile; fileRef = 62EB0B9C25DF503100F545FC /* MovieGridViewController.swift */; };
		C26E6D01FDF43B1E61EAC377 /* Pods_Flixster_FlixsterUITests.framework in Frameworks */ = {isa = PBXBuildFile; fileRef = 8EF358385061432556A9F3FC /* Pods_Flixster_FlixsterUITests.framework */; };
/* End PBXBuildFile section */

/* Begin PBXContainerItemProxy section */
		62903E5A25D0D15F00B79058 /* PBXContainerItemProxy */ = {
			isa = PBXContainerItemProxy;
			containerPortal = 62903E3B25D0D15600B79058 /* Project object */;
			proxyType = 1;
			remoteGlobalIDString = 62903E4225D0D15600B79058;
			remoteInfo = Flixster;
		};
		62903E6525D0D15F00B79058 /* PBXContainerItemProxy */ = {
			isa = PBXContainerItemProxy;
			containerPortal = 62903E3B25D0D15600B79058 /* Project object */;
			proxyType = 1;
			remoteGlobalIDString = 62903E4225D0D15600B79058;
			remoteInfo = Flixster;
		};
/* End PBXContainerItemProxy section */

/* Begin PBXFileReference section */
		340A356FB11523D6DF4646A9 /* Pods_Flixster.framework */ = {isa = PBXFileReference; explicitFileType = wrapper.framework; includeInIndex = 0; path = Pods_Flixster.framework; sourceTree = BUILT_PRODUCTS_DIR; };
		3B4158685518D7648261CEF3 /* Pods-FlixsterTests.debug.xcconfig */ = {isa = PBXFileReference; includeInIndex = 1; lastKnownFileType = text.xcconfig; name = "Pods-FlixsterTests.debug.xcconfig"; path = "Target Support Files/Pods-FlixsterTests/Pods-FlixsterTests.debug.xcconfig"; sourceTree = "<group>"; };
		4F4D0866A8EB4128E512486F /* Pods-Flixster-FlixsterUITests.debug.xcconfig */ = {isa = PBXFileReference; includeInIndex = 1; lastKnownFileType = text.xcconfig; name = "Pods-Flixster-FlixsterUITests.debug.xcconfig"; path = "Target Support Files/Pods-Flixster-FlixsterUITests/Pods-Flixster-FlixsterUITests.debug.xcconfig"; sourceTree = "<group>"; };
		6228F43F25D27AFA0084618F /* MovieCell.swift */ = {isa = PBXFileReference; lastKnownFileType = sourcecode.swift; path = MovieCell.swift; sourceTree = "<group>"; };
		62903E4325D0D15700B79058 /* Flixster.app */ = {isa = PBXFileReference; explicitFileType = wrapper.application; includeInIndex = 0; path = Flixster.app; sourceTree = BUILT_PRODUCTS_DIR; };
		62903E4625D0D15700B79058 /* AppDelegate.swift */ = {isa = PBXFileReference; lastKnownFileType = sourcecode.swift; path = AppDelegate.swift; sourceTree = "<group>"; };
		62903E4825D0D15700B79058 /* SceneDelegate.swift */ = {isa = PBXFileReference; lastKnownFileType = sourcecode.swift; path = SceneDelegate.swift; sourceTree = "<group>"; };
		62903E4D25D0D15700B79058 /* Base */ = {isa = PBXFileReference; lastKnownFileType = file.storyboard; name = Base; path = Base.lproj/Main.storyboard; sourceTree = "<group>"; };
		62903E4F25D0D15E00B79058 /* Assets.xcassets */ = {isa = PBXFileReference; lastKnownFileType = folder.assetcatalog; path = Assets.xcassets; sourceTree = "<group>"; };
		62903E5225D0D15E00B79058 /* Base */ = {isa = PBXFileReference; lastKnownFileType = file.storyboard; name = Base; path = Base.lproj/LaunchScreen.storyboard; sourceTree = "<group>"; };
		62903E5425D0D15E00B79058 /* Info.plist */ = {isa = PBXFileReference; lastKnownFileType = text.plist.xml; path = Info.plist; sourceTree = "<group>"; };
		62903E5925D0D15F00B79058 /* FlixsterTests.xctest */ = {isa = PBXFileReference; explicitFileType = wrapper.cfbundle; includeInIndex = 0; path = FlixsterTests.xctest; sourceTree = BUILT_PRODUCTS_DIR; };
		62903E5D25D0D15F00B79058 /* FlixsterTests.swift */ = {isa = PBXFileReference; lastKnownFileType = sourcecode.swift; path = FlixsterTests.swift; sourceTree = "<group>"; };
		62903E5F25D0D15F00B79058 /* Info.plist */ = {isa = PBXFileReference; lastKnownFileType = text.plist.xml; path = Info.plist; sourceTree = "<group>"; };
		62903E6425D0D15F00B79058 /* FlixsterUITests.xctest */ = {isa = PBXFileReference; explicitFileType = wrapper.cfbundle; includeInIndex = 0; path = FlixsterUITests.xctest; sourceTree = BUILT_PRODUCTS_DIR; };
		62903E6825D0D15F00B79058 /* FlixsterUITests.swift */ = {isa = PBXFileReference; lastKnownFileType = sourcecode.swift; path = FlixsterUITests.swift; sourceTree = "<group>"; };
		62903E6A25D0D15F00B79058 /* Info.plist */ = {isa = PBXFileReference; lastKnownFileType = text.plist.xml; path = Info.plist; sourceTree = "<group>"; };
		62903E7F25D0E5FE00B79058 /* MoviesViewController.swift */ = {isa = PBXFileReference; lastKnownFileType = sourcecode.swift; path = MoviesViewController.swift; sourceTree = "<group>"; };
		62D2973825DCB513005CF3AE /* MovieDetailsViewController.swift */ = {isa = PBXFileReference; lastKnownFileType = sourcecode.swift; path = MovieDetailsViewController.swift; sourceTree = "<group>"; };
		62DC896D25DF8C7C0043B34E /* MovieGridCell.swift */ = {isa = PBXFileReference; lastKnownFileType = sourcecode.swift; path = MovieGridCell.swift; sourceTree = "<group>"; };
		62EB0B9C25DF503100F545FC /* MovieGridViewController.swift */ = {isa = PBXFileReference; lastKnownFileType = sourcecode.swift; path = MovieGridViewController.swift; sourceTree = "<group>"; };
		886D5E516C2B057359918675 /* Pods-Flixster.release.xcconfig */ = {isa = PBXFileReference; includeInIndex = 1; lastKnownFileType = text.xcconfig; name = "Pods-Flixster.release.xcconfig"; path = "Target Support Files/Pods-Flixster/Pods-Flixster.release.xcconfig"; sourceTree = "<group>"; };
		8EF358385061432556A9F3FC /* Pods_Flixster_FlixsterUITests.framework */ = {isa = PBXFileReference; explicitFileType = wrapper.framework; includeInIndex = 0; path = Pods_Flixster_FlixsterUITests.framework; sourceTree = BUILT_PRODUCTS_DIR; };
		8F1F9037E0A7639DF4186B23 /* Pods-Flixster-FlixsterUITests.release.xcconfig */ = {isa = PBXFileReference; includeInIndex = 1; lastKnownFileType = text.xcconfig; name = "Pods-Flixster-FlixsterUITests.release.xcconfig"; path = "Target Support Files/Pods-Flixster-FlixsterUITests/Pods-Flixster-FlixsterUITests.release.xcconfig"; sourceTree = "<group>"; };
		9CC33938126A43E887CFEBEC /* Pods_FlixsterTests.framework */ = {isa = PBXFileReference; explicitFileType = wrapper.framework; includeInIndex = 0; path = Pods_FlixsterTests.framework; sourceTree = BUILT_PRODUCTS_DIR; };
		AA75A17855717721656BEA0A /* Pods-Flixster.debug.xcconfig */ = {isa = PBXFileReference; includeInIndex = 1; lastKnownFileType = text.xcconfig; name = "Pods-Flixster.debug.xcconfig"; path = "Target Support Files/Pods-Flixster/Pods-Flixster.debug.xcconfig"; sourceTree = "<group>"; };
		D7665A82728BF5174917E2AA /* Pods-FlixsterTests.release.xcconfig */ = {isa = PBXFileReference; includeInIndex = 1; lastKnownFileType = text.xcconfig; name = "Pods-FlixsterTests.release.xcconfig"; path = "Target Support Files/Pods-FlixsterTests/Pods-FlixsterTests.release.xcconfig"; sourceTree = "<group>"; };
/* End PBXFileReference section */

/* Begin PBXFrameworksBuildPhase section */
		62903E4025D0D15600B79058 /* Frameworks */ = {
			isa = PBXFrameworksBuildPhase;
			buildActionMask = 2147483647;
			files = (
				1A15EA62F89A03986B00F62D /* Pods_Flixster.framework in Frameworks */,
			);
			runOnlyForDeploymentPostprocessing = 0;
		};
		62903E5625D0D15F00B79058 /* Frameworks */ = {
			isa = PBXFrameworksBuildPhase;
			buildActionMask = 2147483647;
			files = (
				021501AC6167BB9EF25FAD5E /* Pods_FlixsterTests.framework in Frameworks */,
			);
			runOnlyForDeploymentPostprocessing = 0;
		};
		62903E6125D0D15F00B79058 /* Frameworks */ = {
			isa = PBXFrameworksBuildPhase;
			buildActionMask = 2147483647;
			files = (
				C26E6D01FDF43B1E61EAC377 /* Pods_Flixster_FlixsterUITests.framework in Frameworks */,
			);
			runOnlyForDeploymentPostprocessing = 0;
		};
/* End PBXFrameworksBuildPhase section */

/* Begin PBXGroup section */
		355ABCB18025E748B4054D47 /* Frameworks */ = {
			isa = PBXGroup;
			children = (
				340A356FB11523D6DF4646A9 /* Pods_Flixster.framework */,
				8EF358385061432556A9F3FC /* Pods_Flixster_FlixsterUITests.framework */,
				9CC33938126A43E887CFEBEC /* Pods_FlixsterTests.framework */,
			);
			name = Frameworks;
			sourceTree = "<group>";
		};
		62903E3A25D0D15600B79058 = {
			isa = PBXGroup;
			children = (
				62903E4525D0D15700B79058 /* Flixster */,
				62903E5C25D0D15F00B79058 /* FlixsterTests */,
				62903E6725D0D15F00B79058 /* FlixsterUITests */,
				62903E4425D0D15700B79058 /* Products */,
				9F5C4845C4401E4BF496B67D /* Pods */,
				355ABCB18025E748B4054D47 /* Frameworks */,
			);
			sourceTree = "<group>";
		};
		62903E4425D0D15700B79058 /* Products */ = {
			isa = PBXGroup;
			children = (
				62903E4325D0D15700B79058 /* Flixster.app */,
				62903E5925D0D15F00B79058 /* FlixsterTests.xctest */,
				62903E6425D0D15F00B79058 /* FlixsterUITests.xctest */,
			);
			name = Products;
			sourceTree = "<group>";
		};
		62903E4525D0D15700B79058 /* Flixster */ = {
			isa = PBXGroup;
			children = (
				62903E4625D0D15700B79058 /* AppDelegate.swift */,
				62903E4825D0D15700B79058 /* SceneDelegate.swift */,
				62903E4C25D0D15700B79058 /* Main.storyboard */,
				62903E4F25D0D15E00B79058 /* Assets.xcassets */,
				62903E5125D0D15E00B79058 /* LaunchScreen.storyboard */,
				62903E5425D0D15E00B79058 /* Info.plist */,
				62903E7F25D0E5FE00B79058 /* MoviesViewController.swift */,
				6228F43F25D27AFA0084618F /* MovieCell.swift */,
				62D2973825DCB513005CF3AE /* MovieDetailsViewController.swift */,
				62EB0B9C25DF503100F545FC /* MovieGridViewController.swift */,
				62DC896D25DF8C7C0043B34E /* MovieGridCell.swift */,
			);
			path = Flixster;
			sourceTree = "<group>";
		};
		62903E5C25D0D15F00B79058 /* FlixsterTests */ = {
			isa = PBXGroup;
			children = (
				62903E5D25D0D15F00B79058 /* FlixsterTests.swift */,
				62903E5F25D0D15F00B79058 /* Info.plist */,
			);
			path = FlixsterTests;
			sourceTree = "<group>";
		};
		62903E6725D0D15F00B79058 /* FlixsterUITests */ = {
			isa = PBXGroup;
			children = (
				62903E6825D0D15F00B79058 /* FlixsterUITests.swift */,
				62903E6A25D0D15F00B79058 /* Info.plist */,
			);
			path = FlixsterUITests;
			sourceTree = "<group>";
		};
		9F5C4845C4401E4BF496B67D /* Pods */ = {
			isa = PBXGroup;
			children = (
				AA75A17855717721656BEA0A /* Pods-Flixster.debug.xcconfig */,
				886D5E516C2B057359918675 /* Pods-Flixster.release.xcconfig */,
				4F4D0866A8EB4128E512486F /* Pods-Flixster-FlixsterUITests.debug.xcconfig */,
				8F1F9037E0A7639DF4186B23 /* Pods-Flixster-FlixsterUITests.release.xcconfig */,
				3B4158685518D7648261CEF3 /* Pods-FlixsterTests.debug.xcconfig */,
				D7665A82728BF5174917E2AA /* Pods-FlixsterTests.release.xcconfig */,
			);
			path = Pods;
			sourceTree = "<group>";
		};
/* End PBXGroup section */

/* Begin PBXNativeTarget section */
		62903E4225D0D15600B79058 /* Flixster */ = {
			isa = PBXNativeTarget;
			buildConfigurationList = 62903E6D25D0D15F00B79058 /* Build configuration list for PBXNativeTarget "Flixster" */;
			buildPhases = (
				5344C659008D650664544381 /* [CP] Check Pods Manifest.lock */,
				62903E3F25D0D15600B79058 /* Sources */,
				62903E4025D0D15600B79058 /* Frameworks */,
				62903E4125D0D15600B79058 /* Resources */,
				6117590E9E90AE6ED3FC04B1 /* [CP] Embed Pods Frameworks */,
			);
			buildRules = (
			);
			dependencies = (
			);
			name = Flixster;
			productName = Flixster;
			productReference = 62903E4325D0D15700B79058 /* Flixster.app */;
			productType = "com.apple.product-type.application";
		};
		62903E5825D0D15F00B79058 /* FlixsterTests */ = {
			isa = PBXNativeTarget;
			buildConfigurationList = 62903E7025D0D15F00B79058 /* Build configuration list for PBXNativeTarget "FlixsterTests" */;
			buildPhases = (
				DCA4E496B94542AE18F17114 /* [CP] Check Pods Manifest.lock */,
				62903E5525D0D15F00B79058 /* Sources */,
				62903E5625D0D15F00B79058 /* Frameworks */,
				62903E5725D0D15F00B79058 /* Resources */,
			);
			buildRules = (
			);
			dependencies = (
				62903E5B25D0D15F00B79058 /* PBXTargetDependency */,
			);
			name = FlixsterTests;
			productName = FlixsterTests;
			productReference = 62903E5925D0D15F00B79058 /* FlixsterTests.xctest */;
			productType = "com.apple.product-type.bundle.unit-test";
		};
		62903E6325D0D15F00B79058 /* FlixsterUITests */ = {
			isa = PBXNativeTarget;
			buildConfigurationList = 62903E7325D0D15F00B79058 /* Build configuration list for PBXNativeTarget "FlixsterUITests" */;
			buildPhases = (
				0329CE4E0A76409CE2625668 /* [CP] Check Pods Manifest.lock */,
				62903E6025D0D15F00B79058 /* Sources */,
				62903E6125D0D15F00B79058 /* Frameworks */,
				62903E6225D0D15F00B79058 /* Resources */,
				62A6C6846526A6576A8DFF5F /* [CP] Embed Pods Frameworks */,
			);
			buildRules = (
			);
			dependencies = (
				62903E6625D0D15F00B79058 /* PBXTargetDependency */,
			);
			name = FlixsterUITests;
			productName = FlixsterUITests;
			productReference = 62903E6425D0D15F00B79058 /* FlixsterUITests.xctest */;
			productType = "com.apple.product-type.bundle.ui-testing";
		};
/* End PBXNativeTarget section */

/* Begin PBXProject section */
		62903E3B25D0D15600B79058 /* Project object */ = {
			isa = PBXProject;
			attributes = {
				LastSwiftUpdateCheck = 1230;
				LastUpgradeCheck = 1230;
				TargetAttributes = {
					62903E4225D0D15600B79058 = {
						CreatedOnToolsVersion = 12.3;
					};
					62903E5825D0D15F00B79058 = {
						CreatedOnToolsVersion = 12.3;
						TestTargetID = 62903E4225D0D15600B79058;
					};
					62903E6325D0D15F00B79058 = {
						CreatedOnToolsVersion = 12.3;
						TestTargetID = 62903E4225D0D15600B79058;
					};
				};
			};
			buildConfigurationList = 62903E3E25D0D15600B79058 /* Build configuration list for PBXProject "Flixster" */;
			compatibilityVersion = "Xcode 9.3";
			developmentRegion = en;
			hasScannedForEncodings = 0;
			knownRegions = (
				en,
				Base,
			);
			mainGroup = 62903E3A25D0D15600B79058;
			productRefGroup = 62903E4425D0D15700B79058 /* Products */;
			projectDirPath = "";
			projectRoot = "";
			targets = (
				62903E4225D0D15600B79058 /* Flixster */,
				62903E5825D0D15F00B79058 /* FlixsterTests */,
				62903E6325D0D15F00B79058 /* FlixsterUITests */,
			);
		};
/* End PBXProject section */

/* Begin PBXResourcesBuildPhase section */
		62903E4125D0D15600B79058 /* Resources */ = {
			isa = PBXResourcesBuildPhase;
			buildActionMask = 2147483647;
			files = (
				62903E5325D0D15E00B79058 /* LaunchScreen.storyboard in Resources */,
				62903E5025D0D15E00B79058 /* Assets.xcassets in Resources */,
				62903E4E25D0D15700B79058 /* Main.storyboard in Resources */,
			);
			runOnlyForDeploymentPostprocessing = 0;
		};
		62903E5725D0D15F00B79058 /* Resources */ = {
			isa = PBXResourcesBuildPhase;
			buildActionMask = 2147483647;
			files = (
			);
			runOnlyForDeploymentPostprocessing = 0;
		};
		62903E6225D0D15F00B79058 /* Resources */ = {
			isa = PBXResourcesBuildPhase;
			buildActionMask = 2147483647;
			files = (
			);
			runOnlyForDeploymentPostprocessing = 0;
		};
/* End PBXResourcesBuildPhase section */

/* Begin PBXShellScriptBuildPhase section */
		0329CE4E0A76409CE2625668 /* [CP] Check Pods Manifest.lock */ = {
			isa = PBXShellScriptBuildPhase;
			buildActionMask = 2147483647;
			files = (
			);
			inputFileListPaths = (
			);
			inputPaths = (
				"${PODS_PODFILE_DIR_PATH}/Podfile.lock",
				"${PODS_ROOT}/Manifest.lock",
			);
			name = "[CP] Check Pods Manifest.lock";
			outputFileListPaths = (
			);
			outputPaths = (
				"$(DERIVED_FILE_DIR)/Pods-Flixster-FlixsterUITests-checkManifestLockResult.txt",
			);
			runOnlyForDeploymentPostprocessing = 0;
			shellPath = /bin/sh;
			shellScript = "diff \"${PODS_PODFILE_DIR_PATH}/Podfile.lock\" \"${PODS_ROOT}/Manifest.lock\" > /dev/null\nif [ $? != 0 ] ; then\n    # print error to STDERR\n    echo \"error: The sandbox is not in sync with the Podfile.lock. Run 'pod install' or update your CocoaPods installation.\" >&2\n    exit 1\nfi\n# This output is used by Xcode 'outputs' to avoid re-running this script phase.\necho \"SUCCESS\" > \"${SCRIPT_OUTPUT_FILE_0}\"\n";
			showEnvVarsInLog = 0;
		};
		5344C659008D650664544381 /* [CP] Check Pods Manifest.lock */ = {
			isa = PBXShellScriptBuildPhase;
			buildActionMask = 2147483647;
			files = (
			);
			inputFileListPaths = (
			);
			inputPaths = (
				"${PODS_PODFILE_DIR_PATH}/Podfile.lock",
				"${PODS_ROOT}/Manifest.lock",
			);
			name = "[CP] Check Pods Manifest.lock";
			outputFileListPaths = (
			);
			outputPaths = (
				"$(DERIVED_FILE_DIR)/Pods-Flixster-checkManifestLockResult.txt",
			);
			runOnlyForDeploymentPostprocessing = 0;
			shellPath = /bin/sh;
			shellScript = "diff \"${PODS_PODFILE_DIR_PATH}/Podfile.lock\" \"${PODS_ROOT}/Manifest.lock\" > /dev/null\nif [ $? != 0 ] ; then\n    # print error to STDERR\n    echo \"error: The sandbox is not in sync with the Podfile.lock. Run 'pod install' or update your CocoaPods installation.\" >&2\n    exit 1\nfi\n# This output is used by Xcode 'outputs' to avoid re-running this script phase.\necho \"SUCCESS\" > \"${SCRIPT_OUTPUT_FILE_0}\"\n";
			showEnvVarsInLog = 0;
		};
		6117590E9E90AE6ED3FC04B1 /* [CP] Embed Pods Frameworks */ = {
			isa = PBXShellScriptBuildPhase;
			buildActionMask = 2147483647;
			files = (
			);
			inputFileListPaths = (
				"${PODS_ROOT}/Target Support Files/Pods-Flixster/Pods-Flixster-frameworks-${CONFIGURATION}-input-files.xcfilelist",
			);
			name = "[CP] Embed Pods Frameworks";
			outputFileListPaths = (
				"${PODS_ROOT}/Target Support Files/Pods-Flixster/Pods-Flixster-frameworks-${CONFIGURATION}-output-files.xcfilelist",
			);
			runOnlyForDeploymentPostprocessing = 0;
			shellPath = /bin/sh;
			shellScript = "\"${PODS_ROOT}/Target Support Files/Pods-Flixster/Pods-Flixster-frameworks.sh\"\n";
			showEnvVarsInLog = 0;
		};
		62A6C6846526A6576A8DFF5F /* [CP] Embed Pods Frameworks */ = {
			isa = PBXShellScriptBuildPhase;
			buildActionMask = 2147483647;
			files = (
			);
			inputFileListPaths = (
				"${PODS_ROOT}/Target Support Files/Pods-Flixster-FlixsterUITests/Pods-Flixster-FlixsterUITests-frameworks-${CONFIGURATION}-input-files.xcfilelist",
			);
			name = "[CP] Embed Pods Frameworks";
			outputFileListPaths = (
				"${PODS_ROOT}/Target Support Files/Pods-Flixster-FlixsterUITests/Pods-Flixster-FlixsterUITests-frameworks-${CONFIGURATION}-output-files.xcfilelist",
			);
			runOnlyForDeploymentPostprocessing = 0;
			shellPath = /bin/sh;
			shellScript = "\"${PODS_ROOT}/Target Support Files/Pods-Flixster-FlixsterUITests/Pods-Flixster-FlixsterUITests-frameworks.sh\"\n";
			showEnvVarsInLog = 0;
		};
		DCA4E496B94542AE18F17114 /* [CP] Check Pods Manifest.lock */ = {
			isa = PBXShellScriptBuildPhase;
			buildActionMask = 2147483647;
			files = (
			);
			inputFileListPaths = (
			);
			inputPaths = (
				"${PODS_PODFILE_DIR_PATH}/Podfile.lock",
				"${PODS_ROOT}/Manifest.lock",
			);
			name = "[CP] Check Pods Manifest.lock";
			outputFileListPaths = (
			);
			outputPaths = (
				"$(DERIVED_FILE_DIR)/Pods-FlixsterTests-checkManifestLockResult.txt",
			);
			runOnlyForDeploymentPostprocessing = 0;
			shellPath = /bin/sh;
			shellScript = "diff \"${PODS_PODFILE_DIR_PATH}/Podfile.lock\" \"${PODS_ROOT}/Manifest.lock\" > /dev/null\nif [ $? != 0 ] ; then\n    # print error to STDERR\n    echo \"error: The sandbox is not in sync with the Podfile.lock. Run 'pod install' or update your CocoaPods installation.\" >&2\n    exit 1\nfi\n# This output is used by Xcode 'outputs' to avoid re-running this script phase.\necho \"SUCCESS\" > \"${SCRIPT_OUTPUT_FILE_0}\"\n";
			showEnvVarsInLog = 0;
		};
/* End PBXShellScriptBuildPhase section */

/* Begin PBXSourcesBuildPhase section */
		62903E3F25D0D15600B79058 /* Sources */ = {
			isa = PBXSourcesBuildPhase;
			buildActionMask = 2147483647;
			files = (
				62D2973925DCB514005CF3AE /* MovieDetailsViewController.swift in Sources */,
				62903E4725D0D15700B79058 /* AppDelegate.swift in Sources */,
				62903E4925D0D15700B79058 /* SceneDelegate.swift in Sources */,
				62DC896E25DF8C7C0043B34E /* MovieGridCell.swift in Sources */,
				6228F44025D27AFA0084618F /* MovieCell.swift in Sources */,
				62903E8025D0E5FF00B79058 /* MoviesViewController.swift in Sources */,
				62EB0B9D25DF503100F545FC /* MovieGridViewController.swift in Sources */,
			);
			runOnlyForDeploymentPostprocessing = 0;
		};
		62903E5525D0D15F00B79058 /* Sources */ = {
			isa = PBXSourcesBuildPhase;
			buildActionMask = 2147483647;
			files = (
				62903E5E25D0D15F00B79058 /* FlixsterTests.swift in Sources */,
			);
			runOnlyForDeploymentPostprocessing = 0;
		};
		62903E6025D0D15F00B79058 /* Sources */ = {
			isa = PBXSourcesBuildPhase;
			buildActionMask = 2147483647;
			files = (
				62903E6925D0D15F00B79058 /* FlixsterUITests.swift in Sources */,
			);
			runOnlyForDeploymentPostprocessing = 0;
		};
/* End PBXSourcesBuildPhase section */

/* Begin PBXTargetDependency section */
		62903E5B25D0D15F00B79058 /* PBXTargetDependency */ = {
			isa = PBXTargetDependency;
			target = 62903E4225D0D15600B79058 /* Flixster */;
			targetProxy = 62903E5A25D0D15F00B79058 /* PBXContainerItemProxy */;
		};
		62903E6625D0D15F00B79058 /* PBXTargetDependency */ = {
			isa = PBXTargetDependency;
			target = 62903E4225D0D15600B79058 /* Flixster */;
			targetProxy = 62903E6525D0D15F00B79058 /* PBXContainerItemProxy */;
		};
/* End PBXTargetDependency section */

/* Begin PBXVariantGroup section */
		62903E4C25D0D15700B79058 /* Main.storyboard */ = {
			isa = PBXVariantGroup;
			children = (
				62903E4D25D0D15700B79058 /* Base */,
			);
			name = Main.storyboard;
			sourceTree = "<group>";
		};
		62903E5125D0D15E00B79058 /* LaunchScreen.storyboard */ = {
			isa = PBXVariantGroup;
			children = (
				62903E5225D0D15E00B79058 /* Base */,
			);
			name = LaunchScreen.storyboard;
			sourceTree = "<group>";
		};
/* End PBXVariantGroup section */

/* Begin XCBuildConfiguration section */
		62903E6B25D0D15F00B79058 /* Debug */ = {
			isa = XCBuildConfiguration;
			buildSettings = {
				ALWAYS_SEARCH_USER_PATHS = NO;
				CLANG_ANALYZER_NONNULL = YES;
				CLANG_ANALYZER_NUMBER_OBJECT_CONVERSION = YES_AGGRESSIVE;
				CLANG_CXX_LANGUAGE_STANDARD = "gnu++14";
				CLANG_CXX_LIBRARY = "libc++";
				CLANG_ENABLE_MODULES = YES;
				CLANG_ENABLE_OBJC_ARC = YES;
				CLANG_ENABLE_OBJC_WEAK = YES;
				CLANG_WARN_BLOCK_CAPTURE_AUTORELEASING = YES;
				CLANG_WARN_BOOL_CONVERSION = YES;
				CLANG_WARN_COMMA = YES;
				CLANG_WARN_CONSTANT_CONVERSION = YES;
				CLANG_WARN_DEPRECATED_OBJC_IMPLEMENTATIONS = YES;
				CLANG_WARN_DIRECT_OBJC_ISA_USAGE = YES_ERROR;
				CLANG_WARN_DOCUMENTATION_COMMENTS = YES;
				CLANG_WARN_EMPTY_BODY = YES;
				CLANG_WARN_ENUM_CONVERSION = YES;
				CLANG_WARN_INFINITE_RECURSION = YES;
				CLANG_WARN_INT_CONVERSION = YES;
				CLANG_WARN_NON_LITERAL_NULL_CONVERSION = YES;
				CLANG_WARN_OBJC_IMPLICIT_RETAIN_SELF = YES;
				CLANG_WARN_OBJC_LITERAL_CONVERSION = YES;
				CLANG_WARN_OBJC_ROOT_CLASS = YES_ERROR;
				CLANG_WARN_QUOTED_INCLUDE_IN_FRAMEWORK_HEADER = YES;
				CLANG_WARN_RANGE_LOOP_ANALYSIS = YES;
				CLANG_WARN_STRICT_PROTOTYPES = YES;
				CLANG_WARN_SUSPICIOUS_MOVE = YES;
				CLANG_WARN_UNGUARDED_AVAILABILITY = YES_AGGRESSIVE;
				CLANG_WARN_UNREACHABLE_CODE = YES;
				CLANG_WARN__DUPLICATE_METHOD_MATCH = YES;
				COPY_PHASE_STRIP = NO;
				DEBUG_INFORMATION_FORMAT = dwarf;
				ENABLE_STRICT_OBJC_MSGSEND = YES;
				ENABLE_TESTABILITY = YES;
				GCC_C_LANGUAGE_STANDARD = gnu11;
				GCC_DYNAMIC_NO_PIC = NO;
				GCC_NO_COMMON_BLOCKS = YES;
				GCC_OPTIMIZATION_LEVEL = 0;
				GCC_PREPROCESSOR_DEFINITIONS = (
					"DEBUG=1",
					"$(inherited)",
				);
				GCC_WARN_64_TO_32_BIT_CONVERSION = YES;
				GCC_WARN_ABOUT_RETURN_TYPE = YES_ERROR;
				GCC_WARN_UNDECLARED_SELECTOR = YES;
				GCC_WARN_UNINITIALIZED_AUTOS = YES_AGGRESSIVE;
				GCC_WARN_UNUSED_FUNCTION = YES;
				GCC_WARN_UNUSED_VARIABLE = YES;
				IPHONEOS_DEPLOYMENT_TARGET = 14.3;
				MTL_ENABLE_DEBUG_INFO = INCLUDE_SOURCE;
				MTL_FAST_MATH = YES;
				ONLY_ACTIVE_ARCH = YES;
				SDKROOT = iphoneos;
				SWIFT_ACTIVE_COMPILATION_CONDITIONS = DEBUG;
				SWIFT_OPTIMIZATION_LEVEL = "-Onone";
			};
			name = Debug;
		};
		62903E6C25D0D15F00B79058 /* Release */ = {
			isa = XCBuildConfiguration;
			buildSettings = {
				ALWAYS_SEARCH_USER_PATHS = NO;
				CLANG_ANALYZER_NONNULL = YES;
				CLANG_ANALYZER_NUMBER_OBJECT_CONVERSION = YES_AGGRESSIVE;
				CLANG_CXX_LANGUAGE_STANDARD = "gnu++14";
				CLANG_CXX_LIBRARY = "libc++";
				CLANG_ENABLE_MODULES = YES;
				CLANG_ENABLE_OBJC_ARC = YES;
				CLANG_ENABLE_OBJC_WEAK = YES;
				CLANG_WARN_BLOCK_CAPTURE_AUTORELEASING = YES;
				CLANG_WARN_BOOL_CONVERSION = YES;
				CLANG_WARN_COMMA = YES;
				CLANG_WARN_CONSTANT_CONVERSION = YES;
				CLANG_WARN_DEPRECATED_OBJC_IMPLEMENTATIONS = YES;
				CLANG_WARN_DIRECT_OBJC_ISA_USAGE = YES_ERROR;
				CLANG_WARN_DOCUMENTATION_COMMENTS = YES;
				CLANG_WARN_EMPTY_BODY = YES;
				CLANG_WARN_ENUM_CONVERSION = YES;
				CLANG_WARN_INFINITE_RECURSION = YES;
				CLANG_WARN_INT_CONVERSION = YES;
				CLANG_WARN_NON_LITERAL_NULL_CONVERSION = YES;
				CLANG_WARN_OBJC_IMPLICIT_RETAIN_SELF = YES;
				CLANG_WARN_OBJC_LITERAL_CONVERSION = YES;
				CLANG_WARN_OBJC_ROOT_CLASS = YES_ERROR;
				CLANG_WARN_QUOTED_INCLUDE_IN_FRAMEWORK_HEADER = YES;
				CLANG_WARN_RANGE_LOOP_ANALYSIS = YES;
				CLANG_WARN_STRICT_PROTOTYPES = YES;
				CLANG_WARN_SUSPICIOUS_MOVE = YES;
				CLANG_WARN_UNGUARDED_AVAILABILITY = YES_AGGRESSIVE;
				CLANG_WARN_UNREACHABLE_CODE = YES;
				CLANG_WARN__DUPLICATE_METHOD_MATCH = YES;
				COPY_PHASE_STRIP = NO;
				DEBUG_INFORMATION_FORMAT = "dwarf-with-dsym";
				ENABLE_NS_ASSERTIONS = NO;
				ENABLE_STRICT_OBJC_MSGSEND = YES;
				GCC_C_LANGUAGE_STANDARD = gnu11;
				GCC_NO_COMMON_BLOCKS = YES;
				GCC_WARN_64_TO_32_BIT_CONVERSION = YES;
				GCC_WARN_ABOUT_RETURN_TYPE = YES_ERROR;
				GCC_WARN_UNDECLARED_SELECTOR = YES;
				GCC_WARN_UNINITIALIZED_AUTOS = YES_AGGRESSIVE;
				GCC_WARN_UNUSED_FUNCTION = YES;
				GCC_WARN_UNUSED_VARIABLE = YES;
				IPHONEOS_DEPLOYMENT_TARGET = 14.3;
				MTL_ENABLE_DEBUG_INFO = NO;
				MTL_FAST_MATH = YES;
				SDKROOT = iphoneos;
				SWIFT_COMPILATION_MODE = wholemodule;
				SWIFT_OPTIMIZATION_LEVEL = "-O";
				VALIDATE_PRODUCT = YES;
			};
			name = Release;
		};
		62903E6E25D0D15F00B79058 /* Debug */ = {
			isa = XCBuildConfiguration;
			baseConfigurationReference = AA75A17855717721656BEA0A /* Pods-Flixster.debug.xcconfig */;
			buildSettings = {
				ASSETCATALOG_COMPILER_APPICON_NAME = AppIcon;
				ASSETCATALOG_COMPILER_GLOBAL_ACCENT_COLOR_NAME = AccentColor;
				CODE_SIGN_STYLE = Automatic;
				DEVELOPMENT_TEAM = 7PAAW3KJM4;
				INFOPLIST_FILE = Flixster/Info.plist;
				LD_RUNPATH_SEARCH_PATHS = (
					"$(inherited)",
					"@executable_path/Frameworks",
				);
				PRODUCT_BUNDLE_IDENTIFIER = sjsu.edu.Flixster;
				PRODUCT_NAME = "$(TARGET_NAME)";
				SWIFT_VERSION = 5.0;
				TARGETED_DEVICE_FAMILY = 1;
			};
			name = Debug;
		};
		62903E6F25D0D15F00B79058 /* Release */ = {
			isa = XCBuildConfiguration;
			baseConfigurationReference = 886D5E516C2B057359918675 /* Pods-Flixster.release.xcconfig */;
			buildSettings = {
				ASSETCATALOG_COMPILER_APPICON_NAME = AppIcon;
				ASSETCATALOG_COMPILER_GLOBAL_ACCENT_COLOR_NAME = AccentColor;
				CODE_SIGN_STYLE = Automatic;
				DEVELOPMENT_TEAM = 7PAAW3KJM4;
				INFOPLIST_FILE = Flixster/Info.plist;
				LD_RUNPATH_SEARCH_PATHS = (
					"$(inherited)",
					"@executable_path/Frameworks",
				);
				PRODUCT_BUNDLE_IDENTIFIER = sjsu.edu.Flixster;
				PRODUCT_NAME = "$(TARGET_NAME)";
				SWIFT_VERSION = 5.0;
				TARGETED_DEVICE_FAMILY = 1;
			};
			name = Release;
		};
		62903E7125D0D15F00B79058 /* Debug */ = {
			isa = XCBuildConfiguration;
			baseConfigurationReference = 3B4158685518D7648261CEF3 /* Pods-FlixsterTests.debug.xcconfig */;
			buildSettings = {
				ALWAYS_EMBED_SWIFT_STANDARD_LIBRARIES = YES;
				BUNDLE_LOADER = "$(TEST_HOST)";
				CODE_SIGN_STYLE = Automatic;
				INFOPLIST_FILE = FlixsterTests/Info.plist;
				IPHONEOS_DEPLOYMENT_TARGET = 14.3;
				LD_RUNPATH_SEARCH_PATHS = (
					"$(inherited)",
					"@executable_path/Frameworks",
					"@loader_path/Frameworks",
				);
				PRODUCT_BUNDLE_IDENTIFIER = sjsu.edu.FlixsterTests;
				PRODUCT_NAME = "$(TARGET_NAME)";
				SWIFT_VERSION = 5.0;
				TARGETED_DEVICE_FAMILY = "1,2";
				TEST_HOST = "$(BUILT_PRODUCTS_DIR)/Flixster.app/Flixster";
			};
			name = Debug;
		};
		62903E7225D0D15F00B79058 /* Release */ = {
			isa = XCBuildConfiguration;
			baseConfigurationReference = D7665A82728BF5174917E2AA /* Pods-FlixsterTests.release.xcconfig */;
			buildSettings = {
				ALWAYS_EMBED_SWIFT_STANDARD_LIBRARIES = YES;
				BUNDLE_LOADER = "$(TEST_HOST)";
				CODE_SIGN_STYLE = Automatic;
				INFOPLIST_FILE = FlixsterTests/Info.plist;
				IPHONEOS_DEPLOYMENT_TARGET = 14.3;
				LD_RUNPATH_SEARCH_PATHS = (
					"$(inherited)",
					"@executable_path/Frameworks",
					"@loader_path/Frameworks",
				);
				PRODUCT_BUNDLE_IDENTIFIER = sjsu.edu.FlixsterTests;
				PRODUCT_NAME = "$(TARGET_NAME)";
				SWIFT_VERSION = 5.0;
				TARGETED_DEVICE_FAMILY = "1,2";
				TEST_HOST = "$(BUILT_PRODUCTS_DIR)/Flixster.app/Flixster";
			};
			name = Release;
		};
		62903E7425D0D15F00B79058 /* Debug */ = {
			isa = XCBuildConfiguration;
			baseConfigurationReference = 4F4D0866A8EB4128E512486F /* Pods-Flixster-FlixsterUITests.debug.xcconfig */;
			buildSettings = {
				ALWAYS_EMBED_SWIFT_STANDARD_LIBRARIES = YES;
				CODE_SIGN_STYLE = Automatic;
				INFOPLIST_FILE = FlixsterUITests/Info.plist;
				LD_RUNPATH_SEARCH_PATHS = (
					"$(inherited)",
					"@executable_path/Frameworks",
					"@loader_path/Frameworks",
				);
				PRODUCT_BUNDLE_IDENTIFIER = sjsu.edu.FlixsterUITests;
				PRODUCT_NAME = "$(TARGET_NAME)";
				SWIFT_VERSION = 5.0;
				TARGETED_DEVICE_FAMILY = "1,2";
				TEST_TARGET_NAME = Flixster;
			};
			name = Debug;
		};
		62903E7525D0D15F00B79058 /* Release */ = {
			isa = XCBuildConfiguration;
			baseConfigurationReference = 8F1F9037E0A7639DF4186B23 /* Pods-Flixster-FlixsterUITests.release.xcconfig */;
			buildSettings = {
				ALWAYS_EMBED_SWIFT_STANDARD_LIBRARIES = YES;
				CODE_SIGN_STYLE = Automatic;
				INFOPLIST_FILE = FlixsterUITests/Info.plist;
				LD_RUNPATH_SEARCH_PATHS = (
					"$(inherited)",
					"@executable_path/Frameworks",
					"@loader_path/Frameworks",
				);
				PRODUCT_BUNDLE_IDENTIFIER = sjsu.edu.FlixsterUITests;
				PRODUCT_NAME = "$(TARGET_NAME)";
				SWIFT_VERSION = 5.0;
				TARGETED_DEVICE_FAMILY = "1,2";
				TEST_TARGET_NAME = Flixster;
			};
			name = Release;
		};
/* End XCBuildConfiguration section */

/* Begin XCConfigurationList section */
		62903E3E25D0D15600B79058 /* Build configuration list for PBXProject "Flixster" */ = {
			isa = XCConfigurationList;
			buildConfigurations = (
				62903E6B25D0D15F00B79058 /* Debug */,
				62903E6C25D0D15F00B79058 /* Release */,
			);
			defaultConfigurationIsVisible = 0;
			defaultConfigurationName = Release;
		};
		62903E6D25D0D15F00B79058 /* Build configuration list for PBXNativeTarget "Flixster" */ = {
			isa = XCConfigurationList;
			buildConfigurations = (
				62903E6E25D0D15F00B79058 /* Debug */,
				62903E6F25D0D15F00B79058 /* Release */,
			);
			defaultConfigurationIsVisible = 0;
			defaultConfigurationName = Release;
		};
		62903E7025D0D15F00B79058 /* Build configuration list for PBXNativeTarget "FlixsterTests" */ = {
			isa = XCConfigurationList;
			buildConfigurations = (
				62903E7125D0D15F00B79058 /* Debug */,
				62903E7225D0D15F00B79058 /* Release */,
			);
			defaultConfigurationIsVisible = 0;
			defaultConfigurationName = Release;
		};
		62903E7325D0D15F00B79058 /* Build configuration list for PBXNativeTarget "FlixsterUITests" */ = {
			isa = XCConfigurationList;
			buildConfigurations = (
				62903E7425D0D15F00B79058 /* Debug */,
				62903E7525D0D15F00B79058 /* Release */,
			);
			defaultConfigurationIsVisible = 0;
			defaultConfigurationName = Release;
		};
/* End XCConfigurationList section */
	};
	rootObject = 62903E3B25D0D15600B79058 /* Project object */;
}
